
Microsoft Visual Studio Solution File, Format Version 11.00
# Visual Studio 2010
Project("{2150E333-8FDC-42A3-9474-1A3956D46DE8}") = "ADO", "ADO", "{7D68B715-8663-48DE-A24B-DDB7AC3F1805}"
EndProject
Project("{FAE04EC0-301F-11D3-BF4B-00C04F79EFBC}") = "NMAccessDatabaseObject", "ADO\NMAccessDatabaseObject\NMAccessDatabaseObject.csproj", "{8386FB36-DF69-4C32-A08B-A4BF96B3556A}"
EndProject
Project("{FAE04EC0-301F-11D3-BF4B-00C04F79EFBC}") = "NMCommon", "ADO\NMCommon\NMCommon.csproj", "{33E6287F-8424-4C71-9382-6FC030C47007}"
EndProject
Project("{FAE04EC0-301F-11D3-BF4B-00C04F79EFBC}") = "NMModulesWS", "DTO\NMModulesWS\NMModulesWS.csproj", "{38BECF20-2828-44FD-8F38-3F583CE57C7E}"
EndProject
Project("{FAE04EC0-301F-11D3-BF4B-00C04F79EFBC}") = "NMFunctionsWS", "DTO\NMFunctionsWS\NMFunctionsWS.csproj", "{C0FA5468-931A-41C2-A691-0367C41FC94F}"
EndProject
Project("{FAE04EC0-301F-11D3-BF4B-00C04F79EFBC}") = "NMCategoriesWS", "DTO\NMProductCategoriesWS\NMCategoriesWS.csproj", "{2893F27A-6ED1-4203-B650-0ED86A6C000A}"
EndProject
Project("{FAE04EC0-301F-11D3-BF4B-00C04F79EFBC}") = "NMProductsWS", "DTO\NMProductsWS\NMProductsWS.csproj", "{9FEC11DB-0D36-49CA-B472-C55D8FF42E7F}"
EndProject
Project("{FAE04EC0-301F-11D3-BF4B-00C04F79EFBC}") = "NMCustomersWS", "DTO\NMCustomersWS\NMCustomersWS.csproj", "{225C0C67-0EBE-4C65-A283-E176CBFD2D34}"
EndProject
Project("{FAE04EC0-301F-11D3-BF4B-00C04F79EFBC}") = "NMProductUnitsWS", "DTO\NMProductUnitsWS\NMProductUnitsWS.csproj", "{73CD0F15-40F6-4C13-A2D8-2F5F7D93ACDA}"
EndProject
Project("{FAE04EC0-301F-11D3-BF4B-00C04F79EFBC}") = "NMPricesForSalesInvoiceWS", "DTO\NMPricesForSalesInvoiceWS\NMPricesForSalesInvoiceWS.csproj", "{6613F1AF-F0FF-4292-BEDF-1A5F1E7E5913}"
EndProject
Project("{FAE04EC0-301F-11D3-BF4B-00C04F79EFBC}") = "NMPurchaseInvoicesWS", "DTO\NMPurchaseInvoices\NMPurchaseInvoicesWS.csproj", "{42A40AD2-ABD6-48D5-A71E-6758081C8232}"
EndProject
Project("{FAE04EC0-301F-11D3-BF4B-00C04F79EFBC}") = "NMStocksWS", "DTO\NMStocksWS\NMStocksWS.csproj", "{BE9163B7-B1C4-41C0-99A8-B85D7152B9FE}"
EndProject
Project("{FAE04EC0-301F-11D3-BF4B-00C04F79EFBC}") = "NMImportsWS", "DTO\NMImportsWS\NMImportsWS.csproj", "{457E227A-D397-4367-8471-5E12E6FA6674}"
EndProject
Project("{FAE04EC0-301F-11D3-BF4B-00C04F79EFBC}") = "NMExportsWS", "DTO\NMExportsWS\NMExportsWS.csproj", "{32F722E0-8071-4710-AB2F-9737BC423518}"
EndProject
Project("{FAE04EC0-301F-11D3-BF4B-00C04F79EFBC}") = "NMPaymentsWS", "DTO\NMPaymentsWS\NMPaymentsWS.csproj", "{58687595-3BAC-497A-AB33-88BB60AD2014}"
EndProject
Project("{FAE04EC0-301F-11D3-BF4B-00C04F79EFBC}") = "NMPermissionsWS", "DTO\NMPermissionsWS\NMPermissionsWS.csproj", "{44A529BF-3BB5-45BF-A8EE-D37E7F81D2F8}"
EndProject
Project("{FAE04EC0-301F-11D3-BF4B-00C04F79EFBC}") = "NMTimeKeepingWS", "DTO\NMTimeKeepingWS\NMTimeKeepingWS.csproj", "{A47CBACD-4018-484B-8980-4FE7813E39B8}"
EndProject
Project("{FAE04EC0-301F-11D3-BF4B-00C04F79EFBC}") = "NMSalesInvoicesWS", "DTO\NMSalesInvoicesWS\NMSalesInvoicesWS.csproj", "{BDF1C124-387A-4803-8B5A-6B0B9965509A}"
EndProject
Project("{FAE04EC0-301F-11D3-BF4B-00C04F79EFBC}") = "NMReceiptsWS", "DTO\NMReceiptsWS\NMReceiptsWS.csproj", "{7B2B6DB4-C951-47EE-8685-4A12852D16BE}"
EndProject
Project("{FAE04EC0-301F-11D3-BF4B-00C04F79EFBC}") = "NMProductInStocksWS", "DTO\NMProductInStocks\NMProductInStocksWS.csproj", "{0DE5258E-7EB7-4290-9887-671F45A0EBDE}"
EndProject
Project("{FAE04EC0-301F-11D3-BF4B-00C04F79EFBC}") = "NMImagesWS", "DTO\NMImagesWS\NMImagesWS.csproj", "{764A6A4F-877D-4F02-A02A-FDF28C191DDD}"
EndProject
Project("{FAE04EC0-301F-11D3-BF4B-00C04F79EFBC}") = "NMDataTableWS", "DTO\NMDataTableWS\NMDataTableWS.csproj", "{635B593B-ED2A-40FC-8DE0-67B8DC970AEB}"
EndProject
Project("{FAE04EC0-301F-11D3-BF4B-00C04F79EFBC}") = "NMTypesWS", "DTO\NMTypes\NMTypesWS.csproj", "{AFC0A728-76C6-4FA3-8A86-D0954C89C301}"
EndProject
Project("{FAE04EC0-301F-11D3-BF4B-00C04F79EFBC}") = "NMAreasWS", "DTO\NMAreasWS\NMAreasWS.csproj", "{1115E86D-D729-486A-BAC1-12602D23C678}"
EndProject
Project("{FAE04EC0-301F-11D3-BF4B-00C04F79EFBC}") = "NMShiftsWS", "DTO\NMShiftsWS\NMShiftsWS.csproj", "{B7099A40-1A62-4D66-9D47-83CBB7F89B42}"
EndProject
Project("{FAE04EC0-301F-11D3-BF4B-00C04F79EFBC}") = "NMSalesOrdersWS", "DTO\NMOrdersWS\NMSalesOrdersWS.csproj", "{66674D3C-4519-4709-ADEA-A56C69CED800}"
EndProject
Project("{FAE04EC0-301F-11D3-BF4B-00C04F79EFBC}") = "NMHandingOverWS", "DTO\NMHandingOverWS\NMHandingOverWS.csproj", "{7B9BA2C0-3445-43E2-8267-B393EBF025A9}"
EndProject
Project("{FAE04EC0-301F-11D3-BF4B-00C04F79EFBC}") = "NMBanksWS", "DTO\NMBanksWS\NMBanksWS.csproj", "{3EADE594-B72F-4B2C-B7BE-59C205E4A14E}"
EndProject
Project("{FAE04EC0-301F-11D3-BF4B-00C04F79EFBC}") = "NMBankOfCustomersWS", "DTO\NMBankOfCustomersWS\NMBankOfCustomersWS.csproj", "{441FD7E3-BA24-4366-97A4-2F63E49AC095}"
EndProject
Project("{FAE04EC0-301F-11D3-BF4B-00C04F79EFBC}") = "NMPurchaseOrdersWS", "DTO\NMPurchaseOrdersWS\NMPurchaseOrdersWS.csproj", "{9D95C240-7EEA-40E4-B1FA-97D1F6E6926D}"
EndProject
Project("{FAE04EC0-301F-11D3-BF4B-00C04F79EFBC}") = "NMDepartmentsWS", "DTO\NMDepartmentsWS\NMDepartmentsWS.csproj", "{56DD17D3-A28D-4AAC-910B-8453DB43AAED}"
EndProject
Project("{FAE04EC0-301F-11D3-BF4B-00C04F79EFBC}") = "NMDocumentsWS", "DTO\NMDocuments\NMDocumentsWS.csproj", "{B597E24C-69EE-4AD2-AA54-15FF976DCD24}"
EndProject
Project("{FAE04EC0-301F-11D3-BF4B-00C04F79EFBC}") = "NMProjectsWS", "DTO\NMProjects\NMProjectsWS.csproj", "{F35C0F6F-168C-43B7-B5D6-6DC845B8AC9C}"
EndProject
Project("{FAE04EC0-301F-11D3-BF4B-00C04F79EFBC}") = "NMProjectStagesWS", "DTO\NMProjectStagesWS\NMProjectStagesWS.csproj", "{830BD9EB-458F-41F5-B630-2AA38C75451C}"
EndProject
Project("{FAE04EC0-301F-11D3-BF4B-00C04F79EFBC}") = "NMTasksWS", "DTO\NMTasksWS\NMTasksWS.csproj", "{C9F65811-BE69-4A11-8E5D-4600307AF0F7}"
EndProject
Project("{FAE04EC0-301F-11D3-BF4B-00C04F79EFBC}") = "NMIssuesWS", "DTO\NMIssuesWS\NMIssuesWS.csproj", "{8D1AFBAC-E93A-4F4E-9932-0EA0A24411B7}"
EndProject
Project("{FAE04EC0-301F-11D3-BF4B-00C04F79EFBC}") = "NMProjectTeamsWS", "DTO\NMProjectTeamsWS\NMProjectTeamsWS.csproj", "{824B19C6-91E8-47DD-977A-A1234B6C3241}"
EndProject
Project("{FAE04EC0-301F-11D3-BF4B-00C04F79EFBC}") = "NMStatusesWS", "DTO\NMStatusesWS\NMStatusesWS.csproj", "{72ADE13E-782A-4045-8DC5-A51A61D37EAE}"
EndProject
Project("{FAE04EC0-301F-11D3-BF4B-00C04F79EFBC}") = "NMParametersWS", "DTO\NMParametersWS\NMParametersWS.csproj", "{DDEC68BE-742F-4A91-A988-17E09FE42DCF}"
EndProject
Project("{FAE04EC0-301F-11D3-BF4B-00C04F79EFBC}") = "NMAccountNumbersWS", "DTO\NMAccountNumbersWS\NMAccountNumbersWS.csproj", "{C57C16C8-CEA7-429A-980E-07AFBA39F6F0}"
EndProject
Project("{FAE04EC0-301F-11D3-BF4B-00C04F79EFBC}") = "NMLeadsWS", "DTO\NMLeadsWS\NMLeadsWS.csproj", "{76703063-F8CB-402B-BEFE-A4067A09A763}"
EndProject
Project("{FAE04EC0-301F-11D3-BF4B-00C04F79EFBC}") = "NMMessagesWS", "DTO\NMMessagesWS\NMMessagesWS.csproj", "{9592F926-A364-4F5F-A8FD-DEB412DAD2ED}"
EndProject
Project("{FAE04EC0-301F-11D3-BF4B-00C04F79EFBC}") = "NMTranslationsWS", "DTO\NMTranslationsWS\NMTranslationsWS.csproj", "{604DB1E6-F746-40B4-8CCB-C57DD92EB32C}"
EndProject
Project("{FAE04EC0-301F-11D3-BF4B-00C04F79EFBC}") = "NMSystemParamsWS", "DTO\NMSystemParamsWS\NMSystemParamsWS.csproj", "{FD863D81-8027-4B7E-959D-C257A3BD1926}"
EndProject
Project("{FAE04EC0-301F-11D3-BF4B-00C04F79EFBC}") = "NMStagesWS", "DTO\NMStagesWS\NMStagesWS.csproj", "{392EF36E-0B91-407B-A276-ED885C55BF78}"
EndProject
Project("{FAE04EC0-301F-11D3-BF4B-00C04F79EFBC}") = "NMRequirementsWS", "DTO\NMRequirementsWS\NMRequirementsWS.csproj", "{E22505D4-9641-4065-8F13-23A4CF7D1CD1}"
EndProject
Project("{FAE04EC0-301F-11D3-BF4B-00C04F79EFBC}") = "NMMonthlyGeneralJournalsWS", "DTO\NMMonthlyGeneralJournalsWS\NMMonthlyGeneralJournalsWS.csproj", "{FB281A3A-C9E3-4B1B-B3D3-E4B3FBA67883}"
EndProject
Project("{FAE04EC0-301F-11D3-BF4B-00C04F79EFBC}") = "NMCalendarsWS", "DTO\NMCalendarsWS\NMCalendarsWS.csproj", "{35BA64D4-3D84-4957-A402-C38ADF5256C4}"
EndProject
Project("{FAE04EC0-301F-11D3-BF4B-00C04F79EFBC}") = "NMDailyReportsWS", "DTO\DailyReportsWS\NMDailyReportsWS.csproj", "{FBBEB4FF-06B9-432B-A7EA-856AEA81AE34}"
EndProject
Project("{FAE04EC0-301F-11D3-BF4B-00C04F79EFBC}") = "NMMasterPlanningWS", "DTO\NMMasterPlanningWS\NMMasterPlanningWS.csproj", "{BECC5EB3-1AAC-482D-8825-BE1D1B1AC0AC}"
EndProject
Project("{FAE04EC0-301F-11D3-BF4B-00C04F79EFBC}") = "NMManufactureOrdersWS", "DTO\NMManufactureOrdersWS\NMManufactureOrdersWS.csproj", "{865AA54E-DBCE-47C5-BF7A-51AA3353547C}"
EndProject
Project("{FAE04EC0-301F-11D3-BF4B-00C04F79EFBC}") = "NMTaskDetailsWS", "DTO\NMTaskDetailsWS\NMTaskDetailsWS.csproj", "{A8A57992-4AB6-458A-B688-3D100A9FD8B1}"
EndProject
Project("{FAE04EC0-301F-11D3-BF4B-00C04F79EFBC}") = "NMJobsWS", "DTO\NMJobsWS\NMJobsWS.csproj", "{F7709FC1-4503-4CEC-BA03-BAE7E12EF710}"
EndProject
Project("{FAE04EC0-301F-11D3-BF4B-00C04F79EFBC}") = "NMCloseMonthsWS", "DTO\NMCloseMonthsWS\NMCloseMonthsWS.csproj", "{A36087A2-5F74-48F8-93C9-F61DFCEC094B}"
EndProject
Project("{FAE04EC0-301F-11D3-BF4B-00C04F79EFBC}") = "NMLocationsWS", "DTO\NMLocationsWS\NMLocationsWS.csproj", "{6E7AA4FE-C675-427D-81B6-7FF4A644E388}"
EndProject
Project("{FAE04EC0-301F-11D3-BF4B-00C04F79EFBC}") = "NMConstants", "ADO\NMConstants\NMConstants.csproj", "{3127DC1B-FBF9-4887-9C09-994040612E60}"
EndProject
Global
	GlobalSection(SubversionScc) = preSolution
		Svn-Managed = True
		Manager = AnkhSVN - Subversion Support for Visual Studio
	EndGlobalSection
	GlobalSection(SolutionConfigurationPlatforms) = preSolution
		Debug|Any CPU = Debug|Any CPU
		Debug|Mixed Platforms = Debug|Mixed Platforms
		Debug|x86 = Debug|x86
		Release|Any CPU = Release|Any CPU
		Release|Mixed Platforms = Release|Mixed Platforms
		Release|x86 = Release|x86
	EndGlobalSection
	GlobalSection(ProjectConfigurationPlatforms) = postSolution
		{8386FB36-DF69-4C32-A08B-A4BF96B3556A}.Debug|Any CPU.ActiveCfg = Debug|Any CPU
		{8386FB36-DF69-4C32-A08B-A4BF96B3556A}.Debug|Any CPU.Build.0 = Debug|Any CPU
		{8386FB36-DF69-4C32-A08B-A4BF96B3556A}.Debug|Mixed Platforms.ActiveCfg = Debug|Any CPU
		{8386FB36-DF69-4C32-A08B-A4BF96B3556A}.Debug|Mixed Platforms.Build.0 = Debug|Any CPU
		{8386FB36-DF69-4C32-A08B-A4BF96B3556A}.Debug|x86.ActiveCfg = Debug|Any CPU
		{8386FB36-DF69-4C32-A08B-A4BF96B3556A}.Release|Any CPU.ActiveCfg = Release|Any CPU
		{8386FB36-DF69-4C32-A08B-A4BF96B3556A}.Release|Any CPU.Build.0 = Release|Any CPU
		{8386FB36-DF69-4C32-A08B-A4BF96B3556A}.Release|Mixed Platforms.ActiveCfg = Release|Any CPU
		{8386FB36-DF69-4C32-A08B-A4BF96B3556A}.Release|Mixed Platforms.Build.0 = Release|Any CPU
		{8386FB36-DF69-4C32-A08B-A4BF96B3556A}.Release|x86.ActiveCfg = Release|Any CPU
		{33E6287F-8424-4C71-9382-6FC030C47007}.Debug|Any CPU.ActiveCfg = Debug|Any CPU
		{33E6287F-8424-4C71-9382-6FC030C47007}.Debug|Any CPU.Build.0 = Debug|Any CPU
		{33E6287F-8424-4C71-9382-6FC030C47007}.Debug|Mixed Platforms.ActiveCfg = Debug|Any CPU
		{33E6287F-8424-4C71-9382-6FC030C47007}.Debug|Mixed Platforms.Build.0 = Debug|Any CPU
		{33E6287F-8424-4C71-9382-6FC030C47007}.Debug|x86.ActiveCfg = Debug|Any CPU
		{33E6287F-8424-4C71-9382-6FC030C47007}.Release|Any CPU.ActiveCfg = Release|Any CPU
		{33E6287F-8424-4C71-9382-6FC030C47007}.Release|Any CPU.Build.0 = Release|Any CPU
		{33E6287F-8424-4C71-9382-6FC030C47007}.Release|Mixed Platforms.ActiveCfg = Release|Any CPU
		{33E6287F-8424-4C71-9382-6FC030C47007}.Release|Mixed Platforms.Build.0 = Release|Any CPU
		{33E6287F-8424-4C71-9382-6FC030C47007}.Release|x86.ActiveCfg = Release|Any CPU
		{38BECF20-2828-44FD-8F38-3F583CE57C7E}.Debug|Any CPU.ActiveCfg = Debug|Any CPU
		{38BECF20-2828-44FD-8F38-3F583CE57C7E}.Debug|Any CPU.Build.0 = Debug|Any CPU
		{38BECF20-2828-44FD-8F38-3F583CE57C7E}.Debug|Mixed Platforms.ActiveCfg = Debug|Any CPU
		{38BECF20-2828-44FD-8F38-3F583CE57C7E}.Debug|Mixed Platforms.Build.0 = Debug|Any CPU
		{38BECF20-2828-44FD-8F38-3F583CE57C7E}.Debug|x86.ActiveCfg = Debug|Any CPU
		{38BECF20-2828-44FD-8F38-3F583CE57C7E}.Release|Any CPU.ActiveCfg = Release|Any CPU
		{38BECF20-2828-44FD-8F38-3F583CE57C7E}.Release|Any CPU.Build.0 = Release|Any CPU
		{38BECF20-2828-44FD-8F38-3F583CE57C7E}.Release|Mixed Platforms.ActiveCfg = Release|Any CPU
		{38BECF20-2828-44FD-8F38-3F583CE57C7E}.Release|Mixed Platforms.Build.0 = Release|Any CPU
		{38BECF20-2828-44FD-8F38-3F583CE57C7E}.Release|x86.ActiveCfg = Release|Any CPU
		{C0FA5468-931A-41C2-A691-0367C41FC94F}.Debug|Any CPU.ActiveCfg = Debug|Any CPU
		{C0FA5468-931A-41C2-A691-0367C41FC94F}.Debug|Any CPU.Build.0 = Debug|Any CPU
		{C0FA5468-931A-41C2-A691-0367C41FC94F}.Debug|Mixed Platforms.ActiveCfg = Debug|Any CPU
		{C0FA5468-931A-41C2-A691-0367C41FC94F}.Debug|Mixed Platforms.Build.0 = Debug|Any CPU
		{C0FA5468-931A-41C2-A691-0367C41FC94F}.Debug|x86.ActiveCfg = Debug|Any CPU
		{C0FA5468-931A-41C2-A691-0367C41FC94F}.Release|Any CPU.ActiveCfg = Release|Any CPU
		{C0FA5468-931A-41C2-A691-0367C41FC94F}.Release|Any CPU.Build.0 = Release|Any CPU
		{C0FA5468-931A-41C2-A691-0367C41FC94F}.Release|Mixed Platforms.ActiveCfg = Release|Any CPU
		{C0FA5468-931A-41C2-A691-0367C41FC94F}.Release|Mixed Platforms.Build.0 = Release|Any CPU
		{C0FA5468-931A-41C2-A691-0367C41FC94F}.Release|x86.ActiveCfg = Release|Any CPU
		{2893F27A-6ED1-4203-B650-0ED86A6C000A}.Debug|Any CPU.ActiveCfg = Debug|Any CPU
		{2893F27A-6ED1-4203-B650-0ED86A6C000A}.Debug|Any CPU.Build.0 = Debug|Any CPU
		{2893F27A-6ED1-4203-B650-0ED86A6C000A}.Debug|Mixed Platforms.ActiveCfg = Debug|Any CPU
		{2893F27A-6ED1-4203-B650-0ED86A6C000A}.Debug|Mixed Platforms.Build.0 = Debug|Any CPU
		{2893F27A-6ED1-4203-B650-0ED86A6C000A}.Debug|x86.ActiveCfg = Debug|Any CPU
		{2893F27A-6ED1-4203-B650-0ED86A6C000A}.Release|Any CPU.ActiveCfg = Release|Any CPU
		{2893F27A-6ED1-4203-B650-0ED86A6C000A}.Release|Any CPU.Build.0 = Release|Any CPU
		{2893F27A-6ED1-4203-B650-0ED86A6C000A}.Release|Mixed Platforms.ActiveCfg = Release|Any CPU
		{2893F27A-6ED1-4203-B650-0ED86A6C000A}.Release|Mixed Platforms.Build.0 = Release|Any CPU
		{2893F27A-6ED1-4203-B650-0ED86A6C000A}.Release|x86.ActiveCfg = Release|Any CPU
		{9FEC11DB-0D36-49CA-B472-C55D8FF42E7F}.Debug|Any CPU.ActiveCfg = Debug|Any CPU
		{9FEC11DB-0D36-49CA-B472-C55D8FF42E7F}.Debug|Any CPU.Build.0 = Debug|Any CPU
		{9FEC11DB-0D36-49CA-B472-C55D8FF42E7F}.Debug|Mixed Platforms.ActiveCfg = Debug|Any CPU
		{9FEC11DB-0D36-49CA-B472-C55D8FF42E7F}.Debug|Mixed Platforms.Build.0 = Debug|Any CPU
		{9FEC11DB-0D36-49CA-B472-C55D8FF42E7F}.Debug|x86.ActiveCfg = Debug|Any CPU
		{9FEC11DB-0D36-49CA-B472-C55D8FF42E7F}.Release|Any CPU.ActiveCfg = Release|Any CPU
		{9FEC11DB-0D36-49CA-B472-C55D8FF42E7F}.Release|Any CPU.Build.0 = Release|Any CPU
		{9FEC11DB-0D36-49CA-B472-C55D8FF42E7F}.Release|Mixed Platforms.ActiveCfg = Release|Any CPU
		{9FEC11DB-0D36-49CA-B472-C55D8FF42E7F}.Release|Mixed Platforms.Build.0 = Release|Any CPU
		{9FEC11DB-0D36-49CA-B472-C55D8FF42E7F}.Release|x86.ActiveCfg = Release|Any CPU
		{225C0C67-0EBE-4C65-A283-E176CBFD2D34}.Debug|Any CPU.ActiveCfg = Debug|Any CPU
		{225C0C67-0EBE-4C65-A283-E176CBFD2D34}.Debug|Any CPU.Build.0 = Debug|Any CPU
		{225C0C67-0EBE-4C65-A283-E176CBFD2D34}.Debug|Mixed Platforms.ActiveCfg = Debug|Any CPU
		{225C0C67-0EBE-4C65-A283-E176CBFD2D34}.Debug|Mixed Platforms.Build.0 = Debug|Any CPU
		{225C0C67-0EBE-4C65-A283-E176CBFD2D34}.Debug|x86.ActiveCfg = Debug|Any CPU
		{225C0C67-0EBE-4C65-A283-E176CBFD2D34}.Release|Any CPU.ActiveCfg = Release|Any CPU
		{225C0C67-0EBE-4C65-A283-E176CBFD2D34}.Release|Any CPU.Build.0 = Release|Any CPU
		{225C0C67-0EBE-4C65-A283-E176CBFD2D34}.Release|Mixed Platforms.ActiveCfg = Release|Any CPU
		{225C0C67-0EBE-4C65-A283-E176CBFD2D34}.Release|Mixed Platforms.Build.0 = Release|Any CPU
		{225C0C67-0EBE-4C65-A283-E176CBFD2D34}.Release|x86.ActiveCfg = Release|Any CPU
		{73CD0F15-40F6-4C13-A2D8-2F5F7D93ACDA}.Debug|Any CPU.ActiveCfg = Debug|Any CPU
		{73CD0F15-40F6-4C13-A2D8-2F5F7D93ACDA}.Debug|Any CPU.Build.0 = Debug|Any CPU
		{73CD0F15-40F6-4C13-A2D8-2F5F7D93ACDA}.Debug|Mixed Platforms.ActiveCfg = Debug|Any CPU
		{73CD0F15-40F6-4C13-A2D8-2F5F7D93ACDA}.Debug|Mixed Platforms.Build.0 = Debug|Any CPU
		{73CD0F15-40F6-4C13-A2D8-2F5F7D93ACDA}.Debug|x86.ActiveCfg = Debug|Any CPU
		{73CD0F15-40F6-4C13-A2D8-2F5F7D93ACDA}.Release|Any CPU.ActiveCfg = Release|Any CPU
		{73CD0F15-40F6-4C13-A2D8-2F5F7D93ACDA}.Release|Any CPU.Build.0 = Release|Any CPU
		{73CD0F15-40F6-4C13-A2D8-2F5F7D93ACDA}.Release|Mixed Platforms.ActiveCfg = Release|Any CPU
		{73CD0F15-40F6-4C13-A2D8-2F5F7D93ACDA}.Release|Mixed Platforms.Build.0 = Release|Any CPU
		{73CD0F15-40F6-4C13-A2D8-2F5F7D93ACDA}.Release|x86.ActiveCfg = Release|Any CPU
		{6613F1AF-F0FF-4292-BEDF-1A5F1E7E5913}.Debug|Any CPU.ActiveCfg = Debug|Any CPU
		{6613F1AF-F0FF-4292-BEDF-1A5F1E7E5913}.Debug|Any CPU.Build.0 = Debug|Any CPU
		{6613F1AF-F0FF-4292-BEDF-1A5F1E7E5913}.Debug|Mixed Platforms.ActiveCfg = Debug|Any CPU
		{6613F1AF-F0FF-4292-BEDF-1A5F1E7E5913}.Debug|Mixed Platforms.Build.0 = Debug|Any CPU
		{6613F1AF-F0FF-4292-BEDF-1A5F1E7E5913}.Debug|x86.ActiveCfg = Debug|Any CPU
		{6613F1AF-F0FF-4292-BEDF-1A5F1E7E5913}.Release|Any CPU.ActiveCfg = Release|Any CPU
		{6613F1AF-F0FF-4292-BEDF-1A5F1E7E5913}.Release|Any CPU.Build.0 = Release|Any CPU
		{6613F1AF-F0FF-4292-BEDF-1A5F1E7E5913}.Release|Mixed Platforms.ActiveCfg = Release|Any CPU
		{6613F1AF-F0FF-4292-BEDF-1A5F1E7E5913}.Release|Mixed Platforms.Build.0 = Release|Any CPU
		{6613F1AF-F0FF-4292-BEDF-1A5F1E7E5913}.Release|x86.ActiveCfg = Release|Any CPU
		{42A40AD2-ABD6-48D5-A71E-6758081C8232}.Debug|Any CPU.ActiveCfg = Debug|Any CPU
		{42A40AD2-ABD6-48D5-A71E-6758081C8232}.Debug|Any CPU.Build.0 = Debug|Any CPU
		{42A40AD2-ABD6-48D5-A71E-6758081C8232}.Debug|Mixed Platforms.ActiveCfg = Debug|Any CPU
		{42A40AD2-ABD6-48D5-A71E-6758081C8232}.Debug|Mixed Platforms.Build.0 = Debug|Any CPU
		{42A40AD2-ABD6-48D5-A71E-6758081C8232}.Debug|x86.ActiveCfg = Debug|Any CPU
		{42A40AD2-ABD6-48D5-A71E-6758081C8232}.Release|Any CPU.ActiveCfg = Release|Any CPU
		{42A40AD2-ABD6-48D5-A71E-6758081C8232}.Release|Any CPU.Build.0 = Release|Any CPU
		{42A40AD2-ABD6-48D5-A71E-6758081C8232}.Release|Mixed Platforms.ActiveCfg = Release|Any CPU
		{42A40AD2-ABD6-48D5-A71E-6758081C8232}.Release|Mixed Platforms.Build.0 = Release|Any CPU
		{42A40AD2-ABD6-48D5-A71E-6758081C8232}.Release|x86.ActiveCfg = Release|Any CPU
		{BE9163B7-B1C4-41C0-99A8-B85D7152B9FE}.Debug|Any CPU.ActiveCfg = Debug|Any CPU
		{BE9163B7-B1C4-41C0-99A8-B85D7152B9FE}.Debug|Any CPU.Build.0 = Debug|Any CPU
		{BE9163B7-B1C4-41C0-99A8-B85D7152B9FE}.Debug|Mixed Platforms.ActiveCfg = Debug|Any CPU
		{BE9163B7-B1C4-41C0-99A8-B85D7152B9FE}.Debug|Mixed Platforms.Build.0 = Debug|Any CPU
		{BE9163B7-B1C4-41C0-99A8-B85D7152B9FE}.Debug|x86.ActiveCfg = Debug|Any CPU
		{BE9163B7-B1C4-41C0-99A8-B85D7152B9FE}.Release|Any CPU.ActiveCfg = Release|Any CPU
		{BE9163B7-B1C4-41C0-99A8-B85D7152B9FE}.Release|Any CPU.Build.0 = Release|Any CPU
		{BE9163B7-B1C4-41C0-99A8-B85D7152B9FE}.Release|Mixed Platforms.ActiveCfg = Release|Any CPU
		{BE9163B7-B1C4-41C0-99A8-B85D7152B9FE}.Release|Mixed Platforms.Build.0 = Release|Any CPU
		{BE9163B7-B1C4-41C0-99A8-B85D7152B9FE}.Release|x86.ActiveCfg = Release|Any CPU
		{457E227A-D397-4367-8471-5E12E6FA6674}.Debug|Any CPU.ActiveCfg = Debug|Any CPU
		{457E227A-D397-4367-8471-5E12E6FA6674}.Debug|Any CPU.Build.0 = Debug|Any CPU
		{457E227A-D397-4367-8471-5E12E6FA6674}.Debug|Mixed Platforms.ActiveCfg = Debug|Any CPU
		{457E227A-D397-4367-8471-5E12E6FA6674}.Debug|Mixed Platforms.Build.0 = Debug|Any CPU
		{457E227A-D397-4367-8471-5E12E6FA6674}.Debug|x86.ActiveCfg = Debug|Any CPU
		{457E227A-D397-4367-8471-5E12E6FA6674}.Release|Any CPU.ActiveCfg = Release|Any CPU
		{457E227A-D397-4367-8471-5E12E6FA6674}.Release|Any CPU.Build.0 = Release|Any CPU
		{457E227A-D397-4367-8471-5E12E6FA6674}.Release|Mixed Platforms.ActiveCfg = Release|Any CPU
		{457E227A-D397-4367-8471-5E12E6FA6674}.Release|Mixed Platforms.Build.0 = Release|Any CPU
		{457E227A-D397-4367-8471-5E12E6FA6674}.Release|x86.ActiveCfg = Release|Any CPU
		{32F722E0-8071-4710-AB2F-9737BC423518}.Debug|Any CPU.ActiveCfg = Debug|Any CPU
		{32F722E0-8071-4710-AB2F-9737BC423518}.Debug|Any CPU.Build.0 = Debug|Any CPU
		{32F722E0-8071-4710-AB2F-9737BC423518}.Debug|Mixed Platforms.ActiveCfg = Debug|Any CPU
		{32F722E0-8071-4710-AB2F-9737BC423518}.Debug|Mixed Platforms.Build.0 = Debug|Any CPU
		{32F722E0-8071-4710-AB2F-9737BC423518}.Debug|x86.ActiveCfg = Debug|Any CPU
		{32F722E0-8071-4710-AB2F-9737BC423518}.Release|Any CPU.ActiveCfg = Release|Any CPU
		{32F722E0-8071-4710-AB2F-9737BC423518}.Release|Any CPU.Build.0 = Release|Any CPU
		{32F722E0-8071-4710-AB2F-9737BC423518}.Release|Mixed Platforms.ActiveCfg = Release|Any CPU
		{32F722E0-8071-4710-AB2F-9737BC423518}.Release|Mixed Platforms.Build.0 = Release|Any CPU
		{32F722E0-8071-4710-AB2F-9737BC423518}.Release|x86.ActiveCfg = Release|Any CPU
		{58687595-3BAC-497A-AB33-88BB60AD2014}.Debug|Any CPU.ActiveCfg = Debug|Any CPU
		{58687595-3BAC-497A-AB33-88BB60AD2014}.Debug|Any CPU.Build.0 = Debug|Any CPU
		{58687595-3BAC-497A-AB33-88BB60AD2014}.Debug|Mixed Platforms.ActiveCfg = Debug|Any CPU
		{58687595-3BAC-497A-AB33-88BB60AD2014}.Debug|Mixed Platforms.Build.0 = Debug|Any CPU
		{58687595-3BAC-497A-AB33-88BB60AD2014}.Debug|x86.ActiveCfg = Debug|Any CPU
		{58687595-3BAC-497A-AB33-88BB60AD2014}.Release|Any CPU.ActiveCfg = Release|Any CPU
		{58687595-3BAC-497A-AB33-88BB60AD2014}.Release|Any CPU.Build.0 = Release|Any CPU
		{58687595-3BAC-497A-AB33-88BB60AD2014}.Release|Mixed Platforms.ActiveCfg = Release|Any CPU
		{58687595-3BAC-497A-AB33-88BB60AD2014}.Release|Mixed Platforms.Build.0 = Release|Any CPU
		{58687595-3BAC-497A-AB33-88BB60AD2014}.Release|x86.ActiveCfg = Release|Any CPU
		{44A529BF-3BB5-45BF-A8EE-D37E7F81D2F8}.Debug|Any CPU.ActiveCfg = Debug|Any CPU
		{44A529BF-3BB5-45BF-A8EE-D37E7F81D2F8}.Debug|Any CPU.Build.0 = Debug|Any CPU
		{44A529BF-3BB5-45BF-A8EE-D37E7F81D2F8}.Debug|Mixed Platforms.ActiveCfg = Debug|Any CPU
		{44A529BF-3BB5-45BF-A8EE-D37E7F81D2F8}.Debug|Mixed Platforms.Build.0 = Debug|Any CPU
		{44A529BF-3BB5-45BF-A8EE-D37E7F81D2F8}.Debug|x86.ActiveCfg = Debug|Any CPU
		{44A529BF-3BB5-45BF-A8EE-D37E7F81D2F8}.Release|Any CPU.ActiveCfg = Release|Any CPU
		{44A529BF-3BB5-45BF-A8EE-D37E7F81D2F8}.Release|Any CPU.Build.0 = Release|Any CPU
		{44A529BF-3BB5-45BF-A8EE-D37E7F81D2F8}.Release|Mixed Platforms.ActiveCfg = Release|Any CPU
		{44A529BF-3BB5-45BF-A8EE-D37E7F81D2F8}.Release|Mixed Platforms.Build.0 = Release|Any CPU
		{44A529BF-3BB5-45BF-A8EE-D37E7F81D2F8}.Release|x86.ActiveCfg = Release|Any CPU
		{A47CBACD-4018-484B-8980-4FE7813E39B8}.Debug|Any CPU.ActiveCfg = Debug|Any CPU
		{A47CBACD-4018-484B-8980-4FE7813E39B8}.Debug|Any CPU.Build.0 = Debug|Any CPU
		{A47CBACD-4018-484B-8980-4FE7813E39B8}.Debug|Mixed Platforms.ActiveCfg = Debug|Any CPU
		{A47CBACD-4018-484B-8980-4FE7813E39B8}.Debug|Mixed Platforms.Build.0 = Debug|Any CPU
		{A47CBACD-4018-484B-8980-4FE7813E39B8}.Debug|x86.ActiveCfg = Debug|Any CPU
		{A47CBACD-4018-484B-8980-4FE7813E39B8}.Release|Any CPU.ActiveCfg = Release|Any CPU
		{A47CBACD-4018-484B-8980-4FE7813E39B8}.Release|Any CPU.Build.0 = Release|Any CPU
		{A47CBACD-4018-484B-8980-4FE7813E39B8}.Release|Mixed Platforms.ActiveCfg = Release|Any CPU
		{A47CBACD-4018-484B-8980-4FE7813E39B8}.Release|Mixed Platforms.Build.0 = Release|Any CPU
		{A47CBACD-4018-484B-8980-4FE7813E39B8}.Release|x86.ActiveCfg = Release|Any CPU
		{BDF1C124-387A-4803-8B5A-6B0B9965509A}.Debug|Any CPU.ActiveCfg = Debug|Any CPU
		{BDF1C124-387A-4803-8B5A-6B0B9965509A}.Debug|Any CPU.Build.0 = Debug|Any CPU
		{BDF1C124-387A-4803-8B5A-6B0B9965509A}.Debug|Mixed Platforms.ActiveCfg = Debug|Any CPU
		{BDF1C124-387A-4803-8B5A-6B0B9965509A}.Debug|Mixed Platforms.Build.0 = Debug|Any CPU
		{BDF1C124-387A-4803-8B5A-6B0B9965509A}.Debug|x86.ActiveCfg = Debug|Any CPU
		{BDF1C124-387A-4803-8B5A-6B0B9965509A}.Release|Any CPU.ActiveCfg = Release|Any CPU
		{BDF1C124-387A-4803-8B5A-6B0B9965509A}.Release|Any CPU.Build.0 = Release|Any CPU
		{BDF1C124-387A-4803-8B5A-6B0B9965509A}.Release|Mixed Platforms.ActiveCfg = Release|Any CPU
		{BDF1C124-387A-4803-8B5A-6B0B9965509A}.Release|Mixed Platforms.Build.0 = Release|Any CPU
		{BDF1C124-387A-4803-8B5A-6B0B9965509A}.Release|x86.ActiveCfg = Release|Any CPU
		{7B2B6DB4-C951-47EE-8685-4A12852D16BE}.Debug|Any CPU.ActiveCfg = Debug|Any CPU
		{7B2B6DB4-C951-47EE-8685-4A12852D16BE}.Debug|Any CPU.Build.0 = Debug|Any CPU
		{7B2B6DB4-C951-47EE-8685-4A12852D16BE}.Debug|Mixed Platforms.ActiveCfg = Debug|Any CPU
		{7B2B6DB4-C951-47EE-8685-4A12852D16BE}.Debug|Mixed Platforms.Build.0 = Debug|Any CPU
		{7B2B6DB4-C951-47EE-8685-4A12852D16BE}.Debug|x86.ActiveCfg = Debug|Any CPU
		{7B2B6DB4-C951-47EE-8685-4A12852D16BE}.Release|Any CPU.ActiveCfg = Release|Any CPU
		{7B2B6DB4-C951-47EE-8685-4A12852D16BE}.Release|Any CPU.Build.0 = Release|Any CPU
		{7B2B6DB4-C951-47EE-8685-4A12852D16BE}.Release|Mixed Platforms.ActiveCfg = Release|Any CPU
		{7B2B6DB4-C951-47EE-8685-4A12852D16BE}.Release|Mixed Platforms.Build.0 = Release|Any CPU
		{7B2B6DB4-C951-47EE-8685-4A12852D16BE}.Release|x86.ActiveCfg = Release|Any CPU
		{0DE5258E-7EB7-4290-9887-671F45A0EBDE}.Debug|Any CPU.ActiveCfg = Debug|Any CPU
		{0DE5258E-7EB7-4290-9887-671F45A0EBDE}.Debug|Any CPU.Build.0 = Debug|Any CPU
		{0DE5258E-7EB7-4290-9887-671F45A0EBDE}.Debug|Mixed Platforms.ActiveCfg = Debug|Any CPU
		{0DE5258E-7EB7-4290-9887-671F45A0EBDE}.Debug|Mixed Platforms.Build.0 = Debug|Any CPU
		{0DE5258E-7EB7-4290-9887-671F45A0EBDE}.Debug|x86.ActiveCfg = Debug|Any CPU
		{0DE5258E-7EB7-4290-9887-671F45A0EBDE}.Release|Any CPU.ActiveCfg = Release|Any CPU
		{0DE5258E-7EB7-4290-9887-671F45A0EBDE}.Release|Any CPU.Build.0 = Release|Any CPU
		{0DE5258E-7EB7-4290-9887-671F45A0EBDE}.Release|Mixed Platforms.ActiveCfg = Release|Any CPU
		{0DE5258E-7EB7-4290-9887-671F45A0EBDE}.Release|Mixed Platforms.Build.0 = Release|Any CPU
		{0DE5258E-7EB7-4290-9887-671F45A0EBDE}.Release|x86.ActiveCfg = Release|Any CPU
		{764A6A4F-877D-4F02-A02A-FDF28C191DDD}.Debug|Any CPU.ActiveCfg = Debug|Any CPU
		{764A6A4F-877D-4F02-A02A-FDF28C191DDD}.Debug|Any CPU.Build.0 = Debug|Any CPU
		{764A6A4F-877D-4F02-A02A-FDF28C191DDD}.Debug|Mixed Platforms.ActiveCfg = Debug|Any CPU
		{764A6A4F-877D-4F02-A02A-FDF28C191DDD}.Debug|Mixed Platforms.Build.0 = Debug|Any CPU
		{764A6A4F-877D-4F02-A02A-FDF28C191DDD}.Debug|x86.ActiveCfg = Debug|Any CPU
		{764A6A4F-877D-4F02-A02A-FDF28C191DDD}.Release|Any CPU.ActiveCfg = Release|Any CPU
		{764A6A4F-877D-4F02-A02A-FDF28C191DDD}.Release|Any CPU.Build.0 = Release|Any CPU
		{764A6A4F-877D-4F02-A02A-FDF28C191DDD}.Release|Mixed Platforms.ActiveCfg = Release|Any CPU
		{764A6A4F-877D-4F02-A02A-FDF28C191DDD}.Release|Mixed Platforms.Build.0 = Release|Any CPU
		{764A6A4F-877D-4F02-A02A-FDF28C191DDD}.Release|x86.ActiveCfg = Release|Any CPU
		{635B593B-ED2A-40FC-8DE0-67B8DC970AEB}.Debug|Any CPU.ActiveCfg = Debug|Any CPU
		{635B593B-ED2A-40FC-8DE0-67B8DC970AEB}.Debug|Any CPU.Build.0 = Debug|Any CPU
		{635B593B-ED2A-40FC-8DE0-67B8DC970AEB}.Debug|Mixed Platforms.ActiveCfg = Debug|Any CPU
		{635B593B-ED2A-40FC-8DE0-67B8DC970AEB}.Debug|Mixed Platforms.Build.0 = Debug|Any CPU
		{635B593B-ED2A-40FC-8DE0-67B8DC970AEB}.Debug|x86.ActiveCfg = Debug|Any CPU
		{635B593B-ED2A-40FC-8DE0-67B8DC970AEB}.Release|Any CPU.ActiveCfg = Release|Any CPU
		{635B593B-ED2A-40FC-8DE0-67B8DC970AEB}.Release|Any CPU.Build.0 = Release|Any CPU
		{635B593B-ED2A-40FC-8DE0-67B8DC970AEB}.Release|Mixed Platforms.ActiveCfg = Release|Any CPU
		{635B593B-ED2A-40FC-8DE0-67B8DC970AEB}.Release|Mixed Platforms.Build.0 = Release|Any CPU
		{635B593B-ED2A-40FC-8DE0-67B8DC970AEB}.Release|x86.ActiveCfg = Release|Any CPU
		{AFC0A728-76C6-4FA3-8A86-D0954C89C301}.Debug|Any CPU.ActiveCfg = Debug|Any CPU
		{AFC0A728-76C6-4FA3-8A86-D0954C89C301}.Debug|Any CPU.Build.0 = Debug|Any CPU
		{AFC0A728-76C6-4FA3-8A86-D0954C89C301}.Debug|Mixed Platforms.ActiveCfg = Debug|Any CPU
		{AFC0A728-76C6-4FA3-8A86-D0954C89C301}.Debug|Mixed Platforms.Build.0 = Debug|Any CPU
		{AFC0A728-76C6-4FA3-8A86-D0954C89C301}.Debug|x86.ActiveCfg = Debug|Any CPU
		{AFC0A728-76C6-4FA3-8A86-D0954C89C301}.Release|Any CPU.ActiveCfg = Release|Any CPU
		{AFC0A728-76C6-4FA3-8A86-D0954C89C301}.Release|Any CPU.Build.0 = Release|Any CPU
		{AFC0A728-76C6-4FA3-8A86-D0954C89C301}.Release|Mixed Platforms.ActiveCfg = Release|Any CPU
		{AFC0A728-76C6-4FA3-8A86-D0954C89C301}.Release|Mixed Platforms.Build.0 = Release|Any CPU
		{AFC0A728-76C6-4FA3-8A86-D0954C89C301}.Release|x86.ActiveCfg = Release|Any CPU
		{1115E86D-D729-486A-BAC1-12602D23C678}.Debug|Any CPU.ActiveCfg = Debug|Any CPU
		{1115E86D-D729-486A-BAC1-12602D23C678}.Debug|Any CPU.Build.0 = Debug|Any CPU
		{1115E86D-D729-486A-BAC1-12602D23C678}.Debug|Mixed Platforms.ActiveCfg = Debug|Any CPU
		{1115E86D-D729-486A-BAC1-12602D23C678}.Debug|Mixed Platforms.Build.0 = Debug|Any CPU
		{1115E86D-D729-486A-BAC1-12602D23C678}.Debug|x86.ActiveCfg = Debug|Any CPU
		{1115E86D-D729-486A-BAC1-12602D23C678}.Release|Any CPU.ActiveCfg = Release|Any CPU
		{1115E86D-D729-486A-BAC1-12602D23C678}.Release|Any CPU.Build.0 = Release|Any CPU
		{1115E86D-D729-486A-BAC1-12602D23C678}.Release|Mixed Platforms.ActiveCfg = Release|Any CPU
		{1115E86D-D729-486A-BAC1-12602D23C678}.Release|Mixed Platforms.Build.0 = Release|Any CPU
		{1115E86D-D729-486A-BAC1-12602D23C678}.Release|x86.ActiveCfg = Release|Any CPU
		{B7099A40-1A62-4D66-9D47-83CBB7F89B42}.Debug|Any CPU.ActiveCfg = Debug|Any CPU
		{B7099A40-1A62-4D66-9D47-83CBB7F89B42}.Debug|Any CPU.Build.0 = Debug|Any CPU
		{B7099A40-1A62-4D66-9D47-83CBB7F89B42}.Debug|Mixed Platforms.ActiveCfg = Debug|Any CPU
		{B7099A40-1A62-4D66-9D47-83CBB7F89B42}.Debug|Mixed Platforms.Build.0 = Debug|Any CPU
		{B7099A40-1A62-4D66-9D47-83CBB7F89B42}.Debug|x86.ActiveCfg = Debug|Any CPU
		{B7099A40-1A62-4D66-9D47-83CBB7F89B42}.Release|Any CPU.ActiveCfg = Release|Any CPU
		{B7099A40-1A62-4D66-9D47-83CBB7F89B42}.Release|Any CPU.Build.0 = Release|Any CPU
		{B7099A40-1A62-4D66-9D47-83CBB7F89B42}.Release|Mixed Platforms.ActiveCfg = Release|Any CPU
		{B7099A40-1A62-4D66-9D47-83CBB7F89B42}.Release|Mixed Platforms.Build.0 = Release|Any CPU
		{B7099A40-1A62-4D66-9D47-83CBB7F89B42}.Release|x86.ActiveCfg = Release|Any CPU
		{66674D3C-4519-4709-ADEA-A56C69CED800}.Debug|Any CPU.ActiveCfg = Debug|Any CPU
		{66674D3C-4519-4709-ADEA-A56C69CED800}.Debug|Any CPU.Build.0 = Debug|Any CPU
		{66674D3C-4519-4709-ADEA-A56C69CED800}.Debug|Mixed Platforms.ActiveCfg = Debug|Any CPU
		{66674D3C-4519-4709-ADEA-A56C69CED800}.Debug|Mixed Platforms.Build.0 = Debug|Any CPU
		{66674D3C-4519-4709-ADEA-A56C69CED800}.Debug|x86.ActiveCfg = Debug|Any CPU
		{66674D3C-4519-4709-ADEA-A56C69CED800}.Release|Any CPU.ActiveCfg = Release|Any CPU
		{66674D3C-4519-4709-ADEA-A56C69CED800}.Release|Any CPU.Build.0 = Release|Any CPU
		{66674D3C-4519-4709-ADEA-A56C69CED800}.Release|Mixed Platforms.ActiveCfg = Release|Any CPU
		{66674D3C-4519-4709-ADEA-A56C69CED800}.Release|Mixed Platforms.Build.0 = Release|Any CPU
		{66674D3C-4519-4709-ADEA-A56C69CED800}.Release|x86.ActiveCfg = Release|Any CPU
		{7B9BA2C0-3445-43E2-8267-B393EBF025A9}.Debug|Any CPU.ActiveCfg = Debug|Any CPU
		{7B9BA2C0-3445-43E2-8267-B393EBF025A9}.Debug|Any CPU.Build.0 = Debug|Any CPU
		{7B9BA2C0-3445-43E2-8267-B393EBF025A9}.Debug|Mixed Platforms.ActiveCfg = Debug|Any CPU
		{7B9BA2C0-3445-43E2-8267-B393EBF025A9}.Debug|Mixed Platforms.Build.0 = Debug|Any CPU
		{7B9BA2C0-3445-43E2-8267-B393EBF025A9}.Debug|x86.ActiveCfg = Debug|Any CPU
		{7B9BA2C0-3445-43E2-8267-B393EBF025A9}.Release|Any CPU.ActiveCfg = Release|Any CPU
		{7B9BA2C0-3445-43E2-8267-B393EBF025A9}.Release|Any CPU.Build.0 = Release|Any CPU
		{7B9BA2C0-3445-43E2-8267-B393EBF025A9}.Release|Mixed Platforms.ActiveCfg = Release|Any CPU
		{7B9BA2C0-3445-43E2-8267-B393EBF025A9}.Release|Mixed Platforms.Build.0 = Release|Any CPU
		{7B9BA2C0-3445-43E2-8267-B393EBF025A9}.Release|x86.ActiveCfg = Release|Any CPU
		{3EADE594-B72F-4B2C-B7BE-59C205E4A14E}.Debug|Any CPU.ActiveCfg = Debug|Any CPU
		{3EADE594-B72F-4B2C-B7BE-59C205E4A14E}.Debug|Any CPU.Build.0 = Debug|Any CPU
		{3EADE594-B72F-4B2C-B7BE-59C205E4A14E}.Debug|Mixed Platforms.ActiveCfg = Debug|Any CPU
		{3EADE594-B72F-4B2C-B7BE-59C205E4A14E}.Debug|Mixed Platforms.Build.0 = Debug|Any CPU
		{3EADE594-B72F-4B2C-B7BE-59C205E4A14E}.Debug|x86.ActiveCfg = Debug|Any CPU
		{3EADE594-B72F-4B2C-B7BE-59C205E4A14E}.Release|Any CPU.ActiveCfg = Release|Any CPU
		{3EADE594-B72F-4B2C-B7BE-59C205E4A14E}.Release|Any CPU.Build.0 = Release|Any CPU
		{3EADE594-B72F-4B2C-B7BE-59C205E4A14E}.Release|Mixed Platforms.ActiveCfg = Release|Any CPU
		{3EADE594-B72F-4B2C-B7BE-59C205E4A14E}.Release|Mixed Platforms.Build.0 = Release|Any CPU
		{3EADE594-B72F-4B2C-B7BE-59C205E4A14E}.Release|x86.ActiveCfg = Release|Any CPU
		{441FD7E3-BA24-4366-97A4-2F63E49AC095}.Debug|Any CPU.ActiveCfg = Debug|Any CPU
		{441FD7E3-BA24-4366-97A4-2F63E49AC095}.Debug|Any CPU.Build.0 = Debug|Any CPU
		{441FD7E3-BA24-4366-97A4-2F63E49AC095}.Debug|Mixed Platforms.ActiveCfg = Debug|Any CPU
		{441FD7E3-BA24-4366-97A4-2F63E49AC095}.Debug|Mixed Platforms.Build.0 = Debug|Any CPU
		{441FD7E3-BA24-4366-97A4-2F63E49AC095}.Debug|x86.ActiveCfg = Debug|Any CPU
		{441FD7E3-BA24-4366-97A4-2F63E49AC095}.Release|Any CPU.ActiveCfg = Release|Any CPU
		{441FD7E3-BA24-4366-97A4-2F63E49AC095}.Release|Any CPU.Build.0 = Release|Any CPU
		{441FD7E3-BA24-4366-97A4-2F63E49AC095}.Release|Mixed Platforms.ActiveCfg = Release|Any CPU
		{441FD7E3-BA24-4366-97A4-2F63E49AC095}.Release|Mixed Platforms.Build.0 = Release|Any CPU
		{441FD7E3-BA24-4366-97A4-2F63E49AC095}.Release|x86.ActiveCfg = Release|Any CPU
		{9D95C240-7EEA-40E4-B1FA-97D1F6E6926D}.Debug|Any CPU.ActiveCfg = Debug|Any CPU
		{9D95C240-7EEA-40E4-B1FA-97D1F6E6926D}.Debug|Any CPU.Build.0 = Debug|Any CPU
		{9D95C240-7EEA-40E4-B1FA-97D1F6E6926D}.Debug|Mixed Platforms.ActiveCfg = Debug|Any CPU
		{9D95C240-7EEA-40E4-B1FA-97D1F6E6926D}.Debug|Mixed Platforms.Build.0 = Debug|Any CPU
		{9D95C240-7EEA-40E4-B1FA-97D1F6E6926D}.Debug|x86.ActiveCfg = Debug|Any CPU
		{9D95C240-7EEA-40E4-B1FA-97D1F6E6926D}.Release|Any CPU.ActiveCfg = Release|Any CPU
		{9D95C240-7EEA-40E4-B1FA-97D1F6E6926D}.Release|Any CPU.Build.0 = Release|Any CPU
		{9D95C240-7EEA-40E4-B1FA-97D1F6E6926D}.Release|Mixed Platforms.ActiveCfg = Release|Any CPU
		{9D95C240-7EEA-40E4-B1FA-97D1F6E6926D}.Release|Mixed Platforms.Build.0 = Release|Any CPU
		{9D95C240-7EEA-40E4-B1FA-97D1F6E6926D}.Release|x86.ActiveCfg = Release|Any CPU
		{56DD17D3-A28D-4AAC-910B-8453DB43AAED}.Debug|Any CPU.ActiveCfg = Debug|Any CPU
		{56DD17D3-A28D-4AAC-910B-8453DB43AAED}.Debug|Any CPU.Build.0 = Debug|Any CPU
		{56DD17D3-A28D-4AAC-910B-8453DB43AAED}.Debug|Mixed Platforms.ActiveCfg = Debug|Any CPU
		{56DD17D3-A28D-4AAC-910B-8453DB43AAED}.Debug|Mixed Platforms.Build.0 = Debug|Any CPU
		{56DD17D3-A28D-4AAC-910B-8453DB43AAED}.Debug|x86.ActiveCfg = Debug|Any CPU
		{56DD17D3-A28D-4AAC-910B-8453DB43AAED}.Release|Any CPU.ActiveCfg = Release|Any CPU
		{56DD17D3-A28D-4AAC-910B-8453DB43AAED}.Release|Any CPU.Build.0 = Release|Any CPU
		{56DD17D3-A28D-4AAC-910B-8453DB43AAED}.Release|Mixed Platforms.ActiveCfg = Release|Any CPU
		{56DD17D3-A28D-4AAC-910B-8453DB43AAED}.Release|Mixed Platforms.Build.0 = Release|Any CPU
		{56DD17D3-A28D-4AAC-910B-8453DB43AAED}.Release|x86.ActiveCfg = Release|Any CPU
		{B597E24C-69EE-4AD2-AA54-15FF976DCD24}.Debug|Any CPU.ActiveCfg = Debug|Any CPU
		{B597E24C-69EE-4AD2-AA54-15FF976DCD24}.Debug|Any CPU.Build.0 = Debug|Any CPU
		{B597E24C-69EE-4AD2-AA54-15FF976DCD24}.Debug|Mixed Platforms.ActiveCfg = Debug|Any CPU
		{B597E24C-69EE-4AD2-AA54-15FF976DCD24}.Debug|Mixed Platforms.Build.0 = Debug|Any CPU
		{B597E24C-69EE-4AD2-AA54-15FF976DCD24}.Debug|x86.ActiveCfg = Debug|Any CPU
		{B597E24C-69EE-4AD2-AA54-15FF976DCD24}.Release|Any CPU.ActiveCfg = Release|Any CPU
		{B597E24C-69EE-4AD2-AA54-15FF976DCD24}.Release|Any CPU.Build.0 = Release|Any CPU
		{B597E24C-69EE-4AD2-AA54-15FF976DCD24}.Release|Mixed Platforms.ActiveCfg = Release|Any CPU
		{B597E24C-69EE-4AD2-AA54-15FF976DCD24}.Release|Mixed Platforms.Build.0 = Release|Any CPU
		{B597E24C-69EE-4AD2-AA54-15FF976DCD24}.Release|x86.ActiveCfg = Release|Any CPU
		{F35C0F6F-168C-43B7-B5D6-6DC845B8AC9C}.Debug|Any CPU.ActiveCfg = Debug|Any CPU
		{F35C0F6F-168C-43B7-B5D6-6DC845B8AC9C}.Debug|Any CPU.Build.0 = Debug|Any CPU
		{F35C0F6F-168C-43B7-B5D6-6DC845B8AC9C}.Debug|Mixed Platforms.ActiveCfg = Debug|Any CPU
		{F35C0F6F-168C-43B7-B5D6-6DC845B8AC9C}.Debug|Mixed Platforms.Build.0 = Debug|Any CPU
		{F35C0F6F-168C-43B7-B5D6-6DC845B8AC9C}.Debug|x86.ActiveCfg = Debug|Any CPU
		{F35C0F6F-168C-43B7-B5D6-6DC845B8AC9C}.Release|Any CPU.ActiveCfg = Release|Any CPU
		{F35C0F6F-168C-43B7-B5D6-6DC845B8AC9C}.Release|Any CPU.Build.0 = Release|Any CPU
		{F35C0F6F-168C-43B7-B5D6-6DC845B8AC9C}.Release|Mixed Platforms.ActiveCfg = Release|Any CPU
		{F35C0F6F-168C-43B7-B5D6-6DC845B8AC9C}.Release|Mixed Platforms.Build.0 = Release|Any CPU
		{F35C0F6F-168C-43B7-B5D6-6DC845B8AC9C}.Release|x86.ActiveCfg = Release|Any CPU
		{830BD9EB-458F-41F5-B630-2AA38C75451C}.Debug|Any CPU.ActiveCfg = Debug|Any CPU
		{830BD9EB-458F-41F5-B630-2AA38C75451C}.Debug|Any CPU.Build.0 = Debug|Any CPU
		{830BD9EB-458F-41F5-B630-2AA38C75451C}.Debug|Mixed Platforms.ActiveCfg = Debug|Any CPU
		{830BD9EB-458F-41F5-B630-2AA38C75451C}.Debug|Mixed Platforms.Build.0 = Debug|Any CPU
		{830BD9EB-458F-41F5-B630-2AA38C75451C}.Debug|x86.ActiveCfg = Debug|Any CPU
		{830BD9EB-458F-41F5-B630-2AA38C75451C}.Release|Any CPU.ActiveCfg = Release|Any CPU
		{830BD9EB-458F-41F5-B630-2AA38C75451C}.Release|Any CPU.Build.0 = Release|Any CPU
		{830BD9EB-458F-41F5-B630-2AA38C75451C}.Release|Mixed Platforms.ActiveCfg = Release|Any CPU
		{830BD9EB-458F-41F5-B630-2AA38C75451C}.Release|Mixed Platforms.Build.0 = Release|Any CPU
		{830BD9EB-458F-41F5-B630-2AA38C75451C}.Release|x86.ActiveCfg = Release|Any CPU
		{C9F65811-BE69-4A11-8E5D-4600307AF0F7}.Debug|Any CPU.ActiveCfg = Debug|Any CPU
		{C9F65811-BE69-4A11-8E5D-4600307AF0F7}.Debug|Any CPU.Build.0 = Debug|Any CPU
		{C9F65811-BE69-4A11-8E5D-4600307AF0F7}.Debug|Mixed Platforms.ActiveCfg = Debug|Any CPU
		{C9F65811-BE69-4A11-8E5D-4600307AF0F7}.Debug|Mixed Platforms.Build.0 = Debug|Any CPU
		{C9F65811-BE69-4A11-8E5D-4600307AF0F7}.Debug|x86.ActiveCfg = Debug|Any CPU
		{C9F65811-BE69-4A11-8E5D-4600307AF0F7}.Release|Any CPU.ActiveCfg = Release|Any CPU
		{C9F65811-BE69-4A11-8E5D-4600307AF0F7}.Release|Any CPU.Build.0 = Release|Any CPU
		{C9F65811-BE69-4A11-8E5D-4600307AF0F7}.Release|Mixed Platforms.ActiveCfg = Release|Any CPU
		{C9F65811-BE69-4A11-8E5D-4600307AF0F7}.Release|Mixed Platforms.Build.0 = Release|Any CPU
		{C9F65811-BE69-4A11-8E5D-4600307AF0F7}.Release|x86.ActiveCfg = Release|Any CPU
		{8D1AFBAC-E93A-4F4E-9932-0EA0A24411B7}.Debug|Any CPU.ActiveCfg = Debug|Any CPU
		{8D1AFBAC-E93A-4F4E-9932-0EA0A24411B7}.Debug|Any CPU.Build.0 = Debug|Any CPU
		{8D1AFBAC-E93A-4F4E-9932-0EA0A24411B7}.Debug|Mixed Platforms.ActiveCfg = Debug|Any CPU
		{8D1AFBAC-E93A-4F4E-9932-0EA0A24411B7}.Debug|Mixed Platforms.Build.0 = Debug|Any CPU
		{8D1AFBAC-E93A-4F4E-9932-0EA0A24411B7}.Debug|x86.ActiveCfg = Debug|Any CPU
		{8D1AFBAC-E93A-4F4E-9932-0EA0A24411B7}.Release|Any CPU.ActiveCfg = Release|Any CPU
		{8D1AFBAC-E93A-4F4E-9932-0EA0A24411B7}.Release|Any CPU.Build.0 = Release|Any CPU
		{8D1AFBAC-E93A-4F4E-9932-0EA0A24411B7}.Release|Mixed Platforms.ActiveCfg = Release|Any CPU
		{8D1AFBAC-E93A-4F4E-9932-0EA0A24411B7}.Release|Mixed Platforms.Build.0 = Release|Any CPU
		{8D1AFBAC-E93A-4F4E-9932-0EA0A24411B7}.Release|x86.ActiveCfg = Release|Any CPU
		{824B19C6-91E8-47DD-977A-A1234B6C3241}.Debug|Any CPU.ActiveCfg = Debug|Any CPU
		{824B19C6-91E8-47DD-977A-A1234B6C3241}.Debug|Any CPU.Build.0 = Debug|Any CPU
		{824B19C6-91E8-47DD-977A-A1234B6C3241}.Debug|Mixed Platforms.ActiveCfg = Debug|Any CPU
		{824B19C6-91E8-47DD-977A-A1234B6C3241}.Debug|Mixed Platforms.Build.0 = Debug|Any CPU
		{824B19C6-91E8-47DD-977A-A1234B6C3241}.Debug|x86.ActiveCfg = Debug|Any CPU
		{824B19C6-91E8-47DD-977A-A1234B6C3241}.Release|Any CPU.ActiveCfg = Release|Any CPU
		{824B19C6-91E8-47DD-977A-A1234B6C3241}.Release|Any CPU.Build.0 = Release|Any CPU
		{824B19C6-91E8-47DD-977A-A1234B6C3241}.Release|Mixed Platforms.ActiveCfg = Release|Any CPU
		{824B19C6-91E8-47DD-977A-A1234B6C3241}.Release|Mixed Platforms.Build.0 = Release|Any CPU
		{824B19C6-91E8-47DD-977A-A1234B6C3241}.Release|x86.ActiveCfg = Release|Any CPU
		{72ADE13E-782A-4045-8DC5-A51A61D37EAE}.Debug|Any CPU.ActiveCfg = Debug|Any CPU
		{72ADE13E-782A-4045-8DC5-A51A61D37EAE}.Debug|Any CPU.Build.0 = Debug|Any CPU
		{72ADE13E-782A-4045-8DC5-A51A61D37EAE}.Debug|Mixed Platforms.ActiveCfg = Debug|Any CPU
		{72ADE13E-782A-4045-8DC5-A51A61D37EAE}.Debug|Mixed Platforms.Build.0 = Debug|Any CPU
		{72ADE13E-782A-4045-8DC5-A51A61D37EAE}.Debug|x86.ActiveCfg = Debug|Any CPU
		{72ADE13E-782A-4045-8DC5-A51A61D37EAE}.Release|Any CPU.ActiveCfg = Release|Any CPU
		{72ADE13E-782A-4045-8DC5-A51A61D37EAE}.Release|Any CPU.Build.0 = Release|Any CPU
		{72ADE13E-782A-4045-8DC5-A51A61D37EAE}.Release|Mixed Platforms.ActiveCfg = Release|Any CPU
		{72ADE13E-782A-4045-8DC5-A51A61D37EAE}.Release|Mixed Platforms.Build.0 = Release|Any CPU
		{72ADE13E-782A-4045-8DC5-A51A61D37EAE}.Release|x86.ActiveCfg = Release|Any CPU
		{DDEC68BE-742F-4A91-A988-17E09FE42DCF}.Debug|Any CPU.ActiveCfg = Debug|Any CPU
		{DDEC68BE-742F-4A91-A988-17E09FE42DCF}.Debug|Any CPU.Build.0 = Debug|Any CPU
		{DDEC68BE-742F-4A91-A988-17E09FE42DCF}.Debug|Mixed Platforms.ActiveCfg = Debug|Any CPU
		{DDEC68BE-742F-4A91-A988-17E09FE42DCF}.Debug|Mixed Platforms.Build.0 = Debug|Any CPU
		{DDEC68BE-742F-4A91-A988-17E09FE42DCF}.Debug|x86.ActiveCfg = Debug|Any CPU
		{DDEC68BE-742F-4A91-A988-17E09FE42DCF}.Release|Any CPU.ActiveCfg = Release|Any CPU
		{DDEC68BE-742F-4A91-A988-17E09FE42DCF}.Release|Any CPU.Build.0 = Release|Any CPU
		{DDEC68BE-742F-4A91-A988-17E09FE42DCF}.Release|Mixed Platforms.ActiveCfg = Release|Any CPU
		{DDEC68BE-742F-4A91-A988-17E09FE42DCF}.Release|Mixed Platforms.Build.0 = Release|Any CPU
		{DDEC68BE-742F-4A91-A988-17E09FE42DCF}.Release|x86.ActiveCfg = Release|Any CPU
		{C57C16C8-CEA7-429A-980E-07AFBA39F6F0}.Debug|Any CPU.ActiveCfg = Debug|Any CPU
		{C57C16C8-CEA7-429A-980E-07AFBA39F6F0}.Debug|Any CPU.Build.0 = Debug|Any CPU
		{C57C16C8-CEA7-429A-980E-07AFBA39F6F0}.Debug|Mixed Platforms.ActiveCfg = Debug|Any CPU
		{C57C16C8-CEA7-429A-980E-07AFBA39F6F0}.Debug|Mixed Platforms.Build.0 = Debug|Any CPU
		{C57C16C8-CEA7-429A-980E-07AFBA39F6F0}.Debug|x86.ActiveCfg = Debug|Any CPU
		{C57C16C8-CEA7-429A-980E-07AFBA39F6F0}.Release|Any CPU.ActiveCfg = Release|Any CPU
		{C57C16C8-CEA7-429A-980E-07AFBA39F6F0}.Release|Any CPU.Build.0 = Release|Any CPU
		{C57C16C8-CEA7-429A-980E-07AFBA39F6F0}.Release|Mixed Platforms.ActiveCfg = Release|Any CPU
		{C57C16C8-CEA7-429A-980E-07AFBA39F6F0}.Release|Mixed Platforms.Build.0 = Release|Any CPU
		{C57C16C8-CEA7-429A-980E-07AFBA39F6F0}.Release|x86.ActiveCfg = Release|Any CPU
		{76703063-F8CB-402B-BEFE-A4067A09A763}.Debug|Any CPU.ActiveCfg = Debug|Any CPU
		{76703063-F8CB-402B-BEFE-A4067A09A763}.Debug|Any CPU.Build.0 = Debug|Any CPU
		{76703063-F8CB-402B-BEFE-A4067A09A763}.Debug|Mixed Platforms.ActiveCfg = Debug|Any CPU
		{76703063-F8CB-402B-BEFE-A4067A09A763}.Debug|Mixed Platforms.Build.0 = Debug|Any CPU
		{76703063-F8CB-402B-BEFE-A4067A09A763}.Debug|x86.ActiveCfg = Debug|Any CPU
		{76703063-F8CB-402B-BEFE-A4067A09A763}.Release|Any CPU.ActiveCfg = Release|Any CPU
		{76703063-F8CB-402B-BEFE-A4067A09A763}.Release|Any CPU.Build.0 = Release|Any CPU
		{76703063-F8CB-402B-BEFE-A4067A09A763}.Release|Mixed Platforms.ActiveCfg = Release|Any CPU
		{76703063-F8CB-402B-BEFE-A4067A09A763}.Release|Mixed Platforms.Build.0 = Release|Any CPU
		{76703063-F8CB-402B-BEFE-A4067A09A763}.Release|x86.ActiveCfg = Release|Any CPU
		{9592F926-A364-4F5F-A8FD-DEB412DAD2ED}.Debug|Any CPU.ActiveCfg = Debug|Any CPU
		{9592F926-A364-4F5F-A8FD-DEB412DAD2ED}.Debug|Any CPU.Build.0 = Debug|Any CPU
		{9592F926-A364-4F5F-A8FD-DEB412DAD2ED}.Debug|Mixed Platforms.ActiveCfg = Debug|Any CPU
		{9592F926-A364-4F5F-A8FD-DEB412DAD2ED}.Debug|Mixed Platforms.Build.0 = Debug|Any CPU
		{9592F926-A364-4F5F-A8FD-DEB412DAD2ED}.Debug|x86.ActiveCfg = Debug|Any CPU
		{9592F926-A364-4F5F-A8FD-DEB412DAD2ED}.Release|Any CPU.ActiveCfg = Release|Any CPU
		{9592F926-A364-4F5F-A8FD-DEB412DAD2ED}.Release|Any CPU.Build.0 = Release|Any CPU
		{9592F926-A364-4F5F-A8FD-DEB412DAD2ED}.Release|Mixed Platforms.ActiveCfg = Release|Any CPU
		{9592F926-A364-4F5F-A8FD-DEB412DAD2ED}.Release|Mixed Platforms.Build.0 = Release|Any CPU
		{9592F926-A364-4F5F-A8FD-DEB412DAD2ED}.Release|x86.ActiveCfg = Release|Any CPU
		{604DB1E6-F746-40B4-8CCB-C57DD92EB32C}.Debug|Any CPU.ActiveCfg = Debug|Any CPU
		{604DB1E6-F746-40B4-8CCB-C57DD92EB32C}.Debug|Any CPU.Build.0 = Debug|Any CPU
		{604DB1E6-F746-40B4-8CCB-C57DD92EB32C}.Debug|Mixed Platforms.ActiveCfg = Debug|Any CPU
		{604DB1E6-F746-40B4-8CCB-C57DD92EB32C}.Debug|Mixed Platforms.Build.0 = Debug|Any CPU
		{604DB1E6-F746-40B4-8CCB-C57DD92EB32C}.Debug|x86.ActiveCfg = Debug|Any CPU
		{604DB1E6-F746-40B4-8CCB-C57DD92EB32C}.Release|Any CPU.ActiveCfg = Release|Any CPU
		{604DB1E6-F746-40B4-8CCB-C57DD92EB32C}.Release|Any CPU.Build.0 = Release|Any CPU
		{604DB1E6-F746-40B4-8CCB-C57DD92EB32C}.Release|Mixed Platforms.ActiveCfg = Release|Any CPU
		{604DB1E6-F746-40B4-8CCB-C57DD92EB32C}.Release|Mixed Platforms.Build.0 = Release|Any CPU
		{604DB1E6-F746-40B4-8CCB-C57DD92EB32C}.Release|x86.ActiveCfg = Release|Any CPU
		{FD863D81-8027-4B7E-959D-C257A3BD1926}.Debug|Any CPU.ActiveCfg = Debug|Any CPU
		{FD863D81-8027-4B7E-959D-C257A3BD1926}.Debug|Any CPU.Build.0 = Debug|Any CPU
		{FD863D81-8027-4B7E-959D-C257A3BD1926}.Debug|Mixed Platforms.ActiveCfg = Debug|Any CPU
		{FD863D81-8027-4B7E-959D-C257A3BD1926}.Debug|Mixed Platforms.Build.0 = Debug|Any CPU
		{FD863D81-8027-4B7E-959D-C257A3BD1926}.Debug|x86.ActiveCfg = Debug|Any CPU
		{FD863D81-8027-4B7E-959D-C257A3BD1926}.Release|Any CPU.ActiveCfg = Release|Any CPU
		{FD863D81-8027-4B7E-959D-C257A3BD1926}.Release|Any CPU.Build.0 = Release|Any CPU
		{FD863D81-8027-4B7E-959D-C257A3BD1926}.Release|Mixed Platforms.ActiveCfg = Release|Any CPU
		{FD863D81-8027-4B7E-959D-C257A3BD1926}.Release|Mixed Platforms.Build.0 = Release|Any CPU
		{FD863D81-8027-4B7E-959D-C257A3BD1926}.Release|x86.ActiveCfg = Release|Any CPU
		{392EF36E-0B91-407B-A276-ED885C55BF78}.Debug|Any CPU.ActiveCfg = Debug|Any CPU
		{392EF36E-0B91-407B-A276-ED885C55BF78}.Debug|Any CPU.Build.0 = Debug|Any CPU
		{392EF36E-0B91-407B-A276-ED885C55BF78}.Debug|Mixed Platforms.ActiveCfg = Debug|Any CPU
		{392EF36E-0B91-407B-A276-ED885C55BF78}.Debug|Mixed Platforms.Build.0 = Debug|Any CPU
		{392EF36E-0B91-407B-A276-ED885C55BF78}.Debug|x86.ActiveCfg = Debug|Any CPU
		{392EF36E-0B91-407B-A276-ED885C55BF78}.Release|Any CPU.ActiveCfg = Release|Any CPU
		{392EF36E-0B91-407B-A276-ED885C55BF78}.Release|Any CPU.Build.0 = Release|Any CPU
		{392EF36E-0B91-407B-A276-ED885C55BF78}.Release|Mixed Platforms.ActiveCfg = Release|Any CPU
		{392EF36E-0B91-407B-A276-ED885C55BF78}.Release|Mixed Platforms.Build.0 = Release|Any CPU
		{392EF36E-0B91-407B-A276-ED885C55BF78}.Release|x86.ActiveCfg = Release|Any CPU
		{E22505D4-9641-4065-8F13-23A4CF7D1CD1}.Debug|Any CPU.ActiveCfg = Debug|Any CPU
		{E22505D4-9641-4065-8F13-23A4CF7D1CD1}.Debug|Any CPU.Build.0 = Debug|Any CPU
		{E22505D4-9641-4065-8F13-23A4CF7D1CD1}.Debug|Mixed Platforms.ActiveCfg = Debug|Any CPU
		{E22505D4-9641-4065-8F13-23A4CF7D1CD1}.Debug|Mixed Platforms.Build.0 = Debug|Any CPU
		{E22505D4-9641-4065-8F13-23A4CF7D1CD1}.Debug|x86.ActiveCfg = Debug|Any CPU
		{E22505D4-9641-4065-8F13-23A4CF7D1CD1}.Release|Any CPU.ActiveCfg = Release|Any CPU
		{E22505D4-9641-4065-8F13-23A4CF7D1CD1}.Release|Any CPU.Build.0 = Release|Any CPU
		{E22505D4-9641-4065-8F13-23A4CF7D1CD1}.Release|Mixed Platforms.ActiveCfg = Release|Any CPU
		{E22505D4-9641-4065-8F13-23A4CF7D1CD1}.Release|Mixed Platforms.Build.0 = Release|Any CPU
		{E22505D4-9641-4065-8F13-23A4CF7D1CD1}.Release|x86.ActiveCfg = Release|Any CPU
		{FB281A3A-C9E3-4B1B-B3D3-E4B3FBA67883}.Debug|Any CPU.ActiveCfg = Debug|Any CPU
		{FB281A3A-C9E3-4B1B-B3D3-E4B3FBA67883}.Debug|Any CPU.Build.0 = Debug|Any CPU
		{FB281A3A-C9E3-4B1B-B3D3-E4B3FBA67883}.Debug|Mixed Platforms.ActiveCfg = Debug|Any CPU
		{FB281A3A-C9E3-4B1B-B3D3-E4B3FBA67883}.Debug|Mixed Platforms.Build.0 = Debug|Any CPU
		{FB281A3A-C9E3-4B1B-B3D3-E4B3FBA67883}.Debug|x86.ActiveCfg = Debug|Any CPU
		{FB281A3A-C9E3-4B1B-B3D3-E4B3FBA67883}.Release|Any CPU.ActiveCfg = Release|Any CPU
		{FB281A3A-C9E3-4B1B-B3D3-E4B3FBA67883}.Release|Any CPU.Build.0 = Release|Any CPU
		{FB281A3A-C9E3-4B1B-B3D3-E4B3FBA67883}.Release|Mixed Platforms.ActiveCfg = Release|Any CPU
		{FB281A3A-C9E3-4B1B-B3D3-E4B3FBA67883}.Release|Mixed Platforms.Build.0 = Release|Any CPU
		{FB281A3A-C9E3-4B1B-B3D3-E4B3FBA67883}.Release|x86.ActiveCfg = Release|Any CPU
		{35BA64D4-3D84-4957-A402-C38ADF5256C4}.Debug|Any CPU.ActiveCfg = Debug|Any CPU
		{35BA64D4-3D84-4957-A402-C38ADF5256C4}.Debug|Any CPU.Build.0 = Debug|Any CPU
		{35BA64D4-3D84-4957-A402-C38ADF5256C4}.Debug|Mixed Platforms.ActiveCfg = Debug|Any CPU
		{35BA64D4-3D84-4957-A402-C38ADF5256C4}.Debug|Mixed Platforms.Build.0 = Debug|Any CPU
		{35BA64D4-3D84-4957-A402-C38ADF5256C4}.Debug|x86.ActiveCfg = Debug|Any CPU
		{35BA64D4-3D84-4957-A402-C38ADF5256C4}.Release|Any CPU.ActiveCfg = Release|Any CPU
		{35BA64D4-3D84-4957-A402-C38ADF5256C4}.Release|Any CPU.Build.0 = Release|Any CPU
		{35BA64D4-3D84-4957-A402-C38ADF5256C4}.Release|Mixed Platforms.ActiveCfg = Release|Any CPU
		{35BA64D4-3D84-4957-A402-C38ADF5256C4}.Release|Mixed Platforms.Build.0 = Release|Any CPU
		{35BA64D4-3D84-4957-A402-C38ADF5256C4}.Release|x86.ActiveCfg = Release|Any CPU
		{FBBEB4FF-06B9-432B-A7EA-856AEA81AE34}.Debug|Any CPU.ActiveCfg = Debug|Any CPU
		{FBBEB4FF-06B9-432B-A7EA-856AEA81AE34}.Debug|Any CPU.Build.0 = Debug|Any CPU
		{FBBEB4FF-06B9-432B-A7EA-856AEA81AE34}.Debug|Mixed Platforms.ActiveCfg = Debug|Any CPU
		{FBBEB4FF-06B9-432B-A7EA-856AEA81AE34}.Debug|Mixed Platforms.Build.0 = Debug|Any CPU
		{FBBEB4FF-06B9-432B-A7EA-856AEA81AE34}.Debug|x86.ActiveCfg = Debug|Any CPU
		{FBBEB4FF-06B9-432B-A7EA-856AEA81AE34}.Release|Any CPU.ActiveCfg = Release|Any CPU
		{FBBEB4FF-06B9-432B-A7EA-856AEA81AE34}.Release|Any CPU.Build.0 = Release|Any CPU
		{FBBEB4FF-06B9-432B-A7EA-856AEA81AE34}.Release|Mixed Platforms.ActiveCfg = Release|Any CPU
		{FBBEB4FF-06B9-432B-A7EA-856AEA81AE34}.Release|Mixed Platforms.Build.0 = Release|Any CPU
		{FBBEB4FF-06B9-432B-A7EA-856AEA81AE34}.Release|x86.ActiveCfg = Release|Any CPU
		{BECC5EB3-1AAC-482D-8825-BE1D1B1AC0AC}.Debug|Any CPU.ActiveCfg = Debug|Any CPU
		{BECC5EB3-1AAC-482D-8825-BE1D1B1AC0AC}.Debug|Any CPU.Build.0 = Debug|Any CPU
		{BECC5EB3-1AAC-482D-8825-BE1D1B1AC0AC}.Debug|Mixed Platforms.ActiveCfg = Debug|Any CPU
		{BECC5EB3-1AAC-482D-8825-BE1D1B1AC0AC}.Debug|Mixed Platforms.Build.0 = Debug|Any CPU
		{BECC5EB3-1AAC-482D-8825-BE1D1B1AC0AC}.Debug|x86.ActiveCfg = Debug|Any CPU
		{BECC5EB3-1AAC-482D-8825-BE1D1B1AC0AC}.Release|Any CPU.ActiveCfg = Release|Any CPU
		{BECC5EB3-1AAC-482D-8825-BE1D1B1AC0AC}.Release|Any CPU.Build.0 = Release|Any CPU
		{BECC5EB3-1AAC-482D-8825-BE1D1B1AC0AC}.Release|Mixed Platforms.ActiveCfg = Release|Any CPU
		{BECC5EB3-1AAC-482D-8825-BE1D1B1AC0AC}.Release|Mixed Platforms.Build.0 = Release|Any CPU
		{BECC5EB3-1AAC-482D-8825-BE1D1B1AC0AC}.Release|x86.ActiveCfg = Release|Any CPU
		{865AA54E-DBCE-47C5-BF7A-51AA3353547C}.Debug|Any CPU.ActiveCfg = Debug|Any CPU
		{865AA54E-DBCE-47C5-BF7A-51AA3353547C}.Debug|Any CPU.Build.0 = Debug|Any CPU
		{865AA54E-DBCE-47C5-BF7A-51AA3353547C}.Debug|Mixed Platforms.ActiveCfg = Debug|Any CPU
		{865AA54E-DBCE-47C5-BF7A-51AA3353547C}.Debug|Mixed Platforms.Build.0 = Debug|Any CPU
		{865AA54E-DBCE-47C5-BF7A-51AA3353547C}.Debug|x86.ActiveCfg = Debug|Any CPU
		{865AA54E-DBCE-47C5-BF7A-51AA3353547C}.Release|Any CPU.ActiveCfg = Release|Any CPU
		{865AA54E-DBCE-47C5-BF7A-51AA3353547C}.Release|Any CPU.Build.0 = Release|Any CPU
		{865AA54E-DBCE-47C5-BF7A-51AA3353547C}.Release|Mixed Platforms.ActiveCfg = Release|Any CPU
		{865AA54E-DBCE-47C5-BF7A-51AA3353547C}.Release|Mixed Platforms.Build.0 = Release|Any CPU
		{865AA54E-DBCE-47C5-BF7A-51AA3353547C}.Release|x86.ActiveCfg = Release|Any CPU
		{A8A57992-4AB6-458A-B688-3D100A9FD8B1}.Debug|Any CPU.ActiveCfg = Debug|Any CPU
		{A8A57992-4AB6-458A-B688-3D100A9FD8B1}.Debug|Any CPU.Build.0 = Debug|Any CPU
		{A8A57992-4AB6-458A-B688-3D100A9FD8B1}.Debug|Mixed Platforms.ActiveCfg = Debug|Any CPU
		{A8A57992-4AB6-458A-B688-3D100A9FD8B1}.Debug|Mixed Platforms.Build.0 = Debug|Any CPU
		{A8A57992-4AB6-458A-B688-3D100A9FD8B1}.Debug|x86.ActiveCfg = Debug|Any CPU
		{A8A57992-4AB6-458A-B688-3D100A9FD8B1}.Release|Any CPU.ActiveCfg = Release|Any CPU
		{A8A57992-4AB6-458A-B688-3D100A9FD8B1}.Release|Any CPU.Build.0 = Release|Any CPU
		{A8A57992-4AB6-458A-B688-3D100A9FD8B1}.Release|Mixed Platforms.ActiveCfg = Release|Any CPU
		{A8A57992-4AB6-458A-B688-3D100A9FD8B1}.Release|Mixed Platforms.Build.0 = Release|Any CPU
		{A8A57992-4AB6-458A-B688-3D100A9FD8B1}.Release|x86.ActiveCfg = Release|Any CPU
		{F7709FC1-4503-4CEC-BA03-BAE7E12EF710}.Debug|Any CPU.ActiveCfg = Debug|Any CPU
		{F7709FC1-4503-4CEC-BA03-BAE7E12EF710}.Debug|Any CPU.Build.0 = Debug|Any CPU
		{F7709FC1-4503-4CEC-BA03-BAE7E12EF710}.Debug|Mixed Platforms.ActiveCfg = Debug|Any CPU
		{F7709FC1-4503-4CEC-BA03-BAE7E12EF710}.Debug|Mixed Platforms.Build.0 = Debug|Any CPU
		{F7709FC1-4503-4CEC-BA03-BAE7E12EF710}.Debug|x86.ActiveCfg = Debug|Any CPU
		{F7709FC1-4503-4CEC-BA03-BAE7E12EF710}.Release|Any CPU.ActiveCfg = Release|Any CPU
		{F7709FC1-4503-4CEC-BA03-BAE7E12EF710}.Release|Any CPU.Build.0 = Release|Any CPU
		{F7709FC1-4503-4CEC-BA03-BAE7E12EF710}.Release|Mixed Platforms.ActiveCfg = Release|Any CPU
		{F7709FC1-4503-4CEC-BA03-BAE7E12EF710}.Release|Mixed Platforms.Build.0 = Release|Any CPU
		{F7709FC1-4503-4CEC-BA03-BAE7E12EF710}.Release|x86.ActiveCfg = Release|Any CPU
		{A36087A2-5F74-48F8-93C9-F61DFCEC094B}.Debug|Any CPU.ActiveCfg = Debug|Any CPU
		{A36087A2-5F74-48F8-93C9-F61DFCEC094B}.Debug|Any CPU.Build.0 = Debug|Any CPU
		{A36087A2-5F74-48F8-93C9-F61DFCEC094B}.Debug|Mixed Platforms.ActiveCfg = Debug|Any CPU
		{A36087A2-5F74-48F8-93C9-F61DFCEC094B}.Debug|Mixed Platforms.Build.0 = Debug|Any CPU
		{A36087A2-5F74-48F8-93C9-F61DFCEC094B}.Debug|x86.ActiveCfg = Debug|Any CPU
		{A36087A2-5F74-48F8-93C9-F61DFCEC094B}.Release|Any CPU.ActiveCfg = Release|Any CPU
		{A36087A2-5F74-48F8-93C9-F61DFCEC094B}.Release|Any CPU.Build.0 = Release|Any CPU
		{A36087A2-5F74-48F8-93C9-F61DFCEC094B}.Release|Mixed Platforms.ActiveCfg = Release|Any CPU
		{A36087A2-5F74-48F8-93C9-F61DFCEC094B}.Release|Mixed Platforms.Build.0 = Release|Any CPU
		{A36087A2-5F74-48F8-93C9-F61DFCEC094B}.Release|x86.ActiveCfg = Release|Any CPU
		{6E7AA4FE-C675-427D-81B6-7FF4A644E388}.Debug|Any CPU.ActiveCfg = Debug|Any CPU
		{6E7AA4FE-C675-427D-81B6-7FF4A644E388}.Debug|Any CPU.Build.0 = Debug|Any CPU
		{6E7AA4FE-C675-427D-81B6-7FF4A644E388}.Debug|Mixed Platforms.ActiveCfg = Debug|Any CPU
		{6E7AA4FE-C675-427D-81B6-7FF4A644E388}.Debug|Mixed Platforms.Build.0 = Debug|Any CPU
		{6E7AA4FE-C675-427D-81B6-7FF4A644E388}.Debug|x86.ActiveCfg = Debug|Any CPU
		{6E7AA4FE-C675-427D-81B6-7FF4A644E388}.Release|Any CPU.ActiveCfg = Release|Any CPU
		{6E7AA4FE-C675-427D-81B6-7FF4A644E388}.Release|Any CPU.Build.0 = Release|Any CPU
		{6E7AA4FE-C675-427D-81B6-7FF4A644E388}.Release|Mixed Platforms.ActiveCfg = Release|Any CPU
		{6E7AA4FE-C675-427D-81B6-7FF4A644E388}.Release|Mixed Platforms.Build.0 = Release|Any CPU
		{6E7AA4FE-C675-427D-81B6-7FF4A644E388}.Release|x86.ActiveCfg = Release|Any CPU
		{3127DC1B-FBF9-4887-9C09-994040612E60}.Debug|Any CPU.ActiveCfg = Debug|Any CPU
		{3127DC1B-FBF9-4887-9C09-994040612E60}.Debug|Any CPU.Build.0 = Debug|Any CPU
		{3127DC1B-FBF9-4887-9C09-994040612E60}.Debug|Mixed Platforms.ActiveCfg = Debug|Any CPU
		{3127DC1B-FBF9-4887-9C09-994040612E60}.Debug|Mixed Platforms.Build.0 = Debug|Any CPU
		{3127DC1B-FBF9-4887-9C09-994040612E60}.Debug|x86.ActiveCfg = Debug|Any CPU
		{3127DC1B-FBF9-4887-9C09-994040612E60}.Release|Any CPU.ActiveCfg = Release|Any CPU
		{3127DC1B-FBF9-4887-9C09-994040612E60}.Release|Any CPU.Build.0 = Release|Any CPU
		{3127DC1B-FBF9-4887-9C09-994040612E60}.Release|Mixed Platforms.ActiveCfg = Release|Any CPU
		{3127DC1B-FBF9-4887-9C09-994040612E60}.Release|Mixed Platforms.Build.0 = Release|Any CPU
		{3127DC1B-FBF9-4887-9C09-994040612E60}.Release|x86.ActiveCfg = Release|Any CPU
	EndGlobalSection
	GlobalSection(SolutionProperties) = preSolution
		HideSolutionNode = FALSE
	EndGlobalSection
	GlobalSection(NestedProjects) = preSolution
		{8386FB36-DF69-4C32-A08B-A4BF96B3556A} = {7D68B715-8663-48DE-A24B-DDB7AC3F1805}
	EndGlobalSection
EndGlobal
